
Microsoft Visual Studio Solution File, Format Version 12.00
Project("{FAE04EC0-301F-11D3-BF4B-00C04F79EFBC}") = "YSocial", "YSocial\YSocial.csproj", "{8B850040-8FAE-41B4-AD83-0C85A8B36A00}"
EndProject
Global
	GlobalSection(SolutionConfigurationPlatforms) = preSolution
		Debug|Any CPU = Debug|Any CPU
		Release|Any CPU = Release|Any CPU
	EndGlobalSection
	GlobalSection(ProjectConfigurationPlatforms) = postSolution
		{8B850040-8FAE-41B4-AD83-0C85A8B36A00}.Debug|Any CPU.ActiveCfg = Debug|Any CPU
		{8B850040-8FAE-41B4-AD83-0C85A8B36A00}.Debug|Any CPU.Build.0 = Debug|Any CPU
		{8B850040-8FAE-41B4-AD83-0C85A8B36A00}.Release|Any CPU.ActiveCfg = Release|Any CPU
		{8B850040-8FAE-41B4-AD83-0C85A8B36A00}.Release|Any CPU.Build.0 = Release|Any CPU
	EndGlobalSection
EndGlobal
